// !$*UTF8*$!
{
	archiveVersion = 1;
	classes = {
	};
	objectVersion = 50;
	objects = {

/* Begin PBXBuildFile section */
		AB3BF5CD21D13591003ED3A5 /* AppDelegate.swift in Sources */ = {isa = PBXBuildFile; fileRef = AB3BF5CC21D13591003ED3A5 /* AppDelegate.swift */; };
		AB3BF5CF21D13591003ED3A5 /* ViewController.swift in Sources */ = {isa = PBXBuildFile; fileRef = AB3BF5CE21D13591003ED3A5 /* ViewController.swift */; };
		AB3BF5D221D13591003ED3A5 /* Main.storyboard in Resources */ = {isa = PBXBuildFile; fileRef = AB3BF5D021D13591003ED3A5 /* Main.storyboard */; };
		AB3BF5D421D13592003ED3A5 /* Assets.xcassets in Resources */ = {isa = PBXBuildFile; fileRef = AB3BF5D321D13592003ED3A5 /* Assets.xcassets */; };
		AB3BF5D721D13592003ED3A5 /* LaunchScreen.storyboard in Resources */ = {isa = PBXBuildFile; fileRef = AB3BF5D521D13592003ED3A5 /* LaunchScreen.storyboard */; };
		AB3BF5E221D13592003ED3A5 /* CameraAppTests.swift in Sources */ = {isa = PBXBuildFile; fileRef = AB3BF5E121D13592003ED3A5 /* CameraAppTests.swift */; };
		AB3BF5ED21D13592003ED3A5 /* CameraAppUITests.swift in Sources */ = {isa = PBXBuildFile; fileRef = AB3BF5EC21D13592003ED3A5 /* CameraAppUITests.swift */; };
		AB3BF60021D13940003ED3A5 /* RxSwift.framework in Frameworks */ = {isa = PBXBuildFile; fileRef = AB3BF5FE21D13940003ED3A5 /* RxSwift.framework */; };
		AB3BF60121D13940003ED3A5 /* RxCocoa.framework in Frameworks */ = {isa = PBXBuildFile; fileRef = AB3BF5FF21D13940003ED3A5 /* RxCocoa.framework */; };
		AB3BF60321D13BC7003ED3A5 /* StoryBoards.swift in Sources */ = {isa = PBXBuildFile; fileRef = AB3BF60221D13BC7003ED3A5 /* StoryBoards.swift */; };
		AB3BF60A21D13C32003ED3A5 /* CameraViewController.swift in Sources */ = {isa = PBXBuildFile; fileRef = AB3BF60921D13C32003ED3A5 /* CameraViewController.swift */; };
		AB3BF60C21D13C42003ED3A5 /* Camera.storyboard in Resources */ = {isa = PBXBuildFile; fileRef = AB3BF60B21D13C42003ED3A5 /* Camera.storyboard */; };
/* End PBXBuildFile section */

/* Begin PBXContainerItemProxy section */
		AB3BF5DE21D13592003ED3A5 /* PBXContainerItemProxy */ = {
			isa = PBXContainerItemProxy;
			containerPortal = AB3BF5C121D13590003ED3A5 /* Project object */;
			proxyType = 1;
			remoteGlobalIDString = AB3BF5C821D13591003ED3A5;
			remoteInfo = CameraApp;
		};
		AB3BF5E921D13592003ED3A5 /* PBXContainerItemProxy */ = {
			isa = PBXContainerItemProxy;
			containerPortal = AB3BF5C121D13590003ED3A5 /* Project object */;
			proxyType = 1;
			remoteGlobalIDString = AB3BF5C821D13591003ED3A5;
			remoteInfo = CameraApp;
		};
/* End PBXContainerItemProxy section */

/* Begin PBXFileReference section */
		AB3BF5C921D13591003ED3A5 /* CameraApp.app */ = {isa = PBXFileReference; explicitFileType = wrapper.application; includeInIndex = 0; path = CameraApp.app; sourceTree = BUILT_PRODUCTS_DIR; };
		AB3BF5CC21D13591003ED3A5 /* AppDelegate.swift */ = {isa = PBXFileReference; lastKnownFileType = sourcecode.swift; path = AppDelegate.swift; sourceTree = "<group>"; };
		AB3BF5CE21D13591003ED3A5 /* ViewController.swift */ = {isa = PBXFileReference; lastKnownFileType = sourcecode.swift; path = ViewController.swift; sourceTree = "<group>"; };
		AB3BF5D121D13591003ED3A5 /* Base */ = {isa = PBXFileReference; lastKnownFileType = file.storyboard; name = Base; path = Base.lproj/Main.storyboard; sourceTree = "<group>"; };
		AB3BF5D321D13592003ED3A5 /* Assets.xcassets */ = {isa = PBXFileReference; lastKnownFileType = folder.assetcatalog; path = Assets.xcassets; sourceTree = "<group>"; };
		AB3BF5D621D13592003ED3A5 /* Base */ = {isa = PBXFileReference; lastKnownFileType = file.storyboard; name = Base; path = Base.lproj/LaunchScreen.storyboard; sourceTree = "<group>"; };
		AB3BF5D821D13592003ED3A5 /* Info.plist */ = {isa = PBXFileReference; lastKnownFileType = text.plist.xml; path = Info.plist; sourceTree = "<group>"; };
		AB3BF5DD21D13592003ED3A5 /* CameraAppTests.xctest */ = {isa = PBXFileReference; explicitFileType = wrapper.cfbundle; includeInIndex = 0; path = CameraAppTests.xctest; sourceTree = BUILT_PRODUCTS_DIR; };
		AB3BF5E121D13592003ED3A5 /* CameraAppTests.swift */ = {isa = PBXFileReference; lastKnownFileType = sourcecode.swift; path = CameraAppTests.swift; sourceTree = "<group>"; };
		AB3BF5E321D13592003ED3A5 /* Info.plist */ = {isa = PBXFileReference; lastKnownFileType = text.plist.xml; path = Info.plist; sourceTree = "<group>"; };
		AB3BF5E821D13592003ED3A5 /* CameraAppUITests.xctest */ = {isa = PBXFileReference; explicitFileType = wrapper.cfbundle; includeInIndex = 0; path = CameraAppUITests.xctest; sourceTree = BUILT_PRODUCTS_DIR; };
		AB3BF5EC21D13592003ED3A5 /* CameraAppUITests.swift */ = {isa = PBXFileReference; lastKnownFileType = sourcecode.swift; path = CameraAppUITests.swift; sourceTree = "<group>"; };
		AB3BF5EE21D13592003ED3A5 /* Info.plist */ = {isa = PBXFileReference; lastKnownFileType = text.plist.xml; path = Info.plist; sourceTree = "<group>"; };
		AB3BF5FE21D13940003ED3A5 /* RxSwift.framework */ = {isa = PBXFileReference; lastKnownFileType = wrapper.framework; name = RxSwift.framework; path = Carthage/Build/iOS/RxSwift.framework; sourceTree = "<group>"; };
		AB3BF5FF21D13940003ED3A5 /* RxCocoa.framework */ = {isa = PBXFileReference; lastKnownFileType = wrapper.framework; name = RxCocoa.framework; path = Carthage/Build/iOS/RxCocoa.framework; sourceTree = "<group>"; };
		AB3BF60221D13BC7003ED3A5 /* StoryBoards.swift */ = {isa = PBXFileReference; lastKnownFileType = sourcecode.swift; path = StoryBoards.swift; sourceTree = "<group>"; };
		AB3BF60921D13C32003ED3A5 /* CameraViewController.swift */ = {isa = PBXFileReference; lastKnownFileType = sourcecode.swift; path = CameraViewController.swift; sourceTree = "<group>"; };
		AB3BF60B21D13C42003ED3A5 /* Camera.storyboard */ = {isa = PBXFileReference; lastKnownFileType = file.storyboard; path = Camera.storyboard; sourceTree = "<group>"; };
/* End PBXFileReference section */

/* Begin PBXFrameworksBuildPhase section */
		AB3BF5C621D13591003ED3A5 /* Frameworks */ = {
			isa = PBXFrameworksBuildPhase;
			buildActionMask = 2147483647;
			files = (
				AB3BF60021D13940003ED3A5 /* RxSwift.framework in Frameworks */,
				AB3BF60121D13940003ED3A5 /* RxCocoa.framework in Frameworks */,
			);
			runOnlyForDeploymentPostprocessing = 0;
		};
		AB3BF5DA21D13592003ED3A5 /* Frameworks */ = {
			isa = PBXFrameworksBuildPhase;
			buildActionMask = 2147483647;
			files = (
			);
			runOnlyForDeploymentPostprocessing = 0;
		};
		AB3BF5E521D13592003ED3A5 /* Frameworks */ = {
			isa = PBXFrameworksBuildPhase;
			buildActionMask = 2147483647;
			files = (
			);
			runOnlyForDeploymentPostprocessing = 0;
		};
/* End PBXFrameworksBuildPhase section */

/* Begin PBXGroup section */
		AB3BF5C021D13590003ED3A5 = {
			isa = PBXGroup;
			children = (
				AB3BF5CB21D13591003ED3A5 /* CameraApp */,
				AB3BF5E021D13592003ED3A5 /* CameraAppTests */,
				AB3BF5EB21D13592003ED3A5 /* CameraAppUITests */,
				AB3BF5CA21D13591003ED3A5 /* Products */,
				AB3BF5FD21D1393F003ED3A5 /* Frameworks */,
			);
			sourceTree = "<group>";
		};
		AB3BF5CA21D13591003ED3A5 /* Products */ = {
			isa = PBXGroup;
			children = (
				AB3BF5C921D13591003ED3A5 /* CameraApp.app */,
				AB3BF5DD21D13592003ED3A5 /* CameraAppTests.xctest */,
				AB3BF5E821D13592003ED3A5 /* CameraAppUITests.xctest */,
			);
			name = Products;
			sourceTree = "<group>";
		};
		AB3BF5CB21D13591003ED3A5 /* CameraApp */ = {
			isa = PBXGroup;
			children = (
				AB3BF5FA21D13827003ED3A5 /* Classes */,
				AB3BF5CC21D13591003ED3A5 /* AppDelegate.swift */,
				AB3BF5D321D13592003ED3A5 /* Assets.xcassets */,
				AB3BF5D521D13592003ED3A5 /* LaunchScreen.storyboard */,
				AB3BF5D821D13592003ED3A5 /* Info.plist */,
			);
			path = CameraApp;
			sourceTree = "<group>";
		};
		AB3BF5E021D13592003ED3A5 /* CameraAppTests */ = {
			isa = PBXGroup;
			children = (
				AB3BF5E121D13592003ED3A5 /* CameraAppTests.swift */,
				AB3BF5E321D13592003ED3A5 /* Info.plist */,
			);
			path = CameraAppTests;
			sourceTree = "<group>";
		};
		AB3BF5EB21D13592003ED3A5 /* CameraAppUITests */ = {
			isa = PBXGroup;
			children = (
				AB3BF5EC21D13592003ED3A5 /* CameraAppUITests.swift */,
				AB3BF5EE21D13592003ED3A5 /* Info.plist */,
			);
			path = CameraAppUITests;
			sourceTree = "<group>";
		};
		AB3BF5FA21D13827003ED3A5 /* Classes */ = {
			isa = PBXGroup;
			children = (
				AB3BF5FB21D13841003ED3A5 /* Commons */,
				AB3BF5FC21D1384B003ED3A5 /* Modules */,
			);
			path = Classes;
			sourceTree = "<group>";
		};
		AB3BF5FB21D13841003ED3A5 /* Commons */ = {
			isa = PBXGroup;
			children = (
				AB3BF60221D13BC7003ED3A5 /* StoryBoards.swift */,
			);
			path = Commons;
			sourceTree = "<group>";
		};
		AB3BF5FC21D1384B003ED3A5 /* Modules */ = {
			isa = PBXGroup;
			children = (
				AB3BF60421D13BE4003ED3A5 /* Camera */,
				AB3BF60521D13BF3003ED3A5 /* Root */,
			);
			path = Modules;
			sourceTree = "<group>";
		};
		AB3BF5FD21D1393F003ED3A5 /* Frameworks */ = {
			isa = PBXGroup;
			children = (
				AB3BF5FF21D13940003ED3A5 /* RxCocoa.framework */,
				AB3BF5FE21D13940003ED3A5 /* RxSwift.framework */,
			);
			name = Frameworks;
			sourceTree = "<group>";
		};
		AB3BF60421D13BE4003ED3A5 /* Camera */ = {
			isa = PBXGroup;
			children = (
				AB3BF60721D13C09003ED3A5 /* View */,
			);
			path = Camera;
			sourceTree = "<group>";
		};
		AB3BF60521D13BF3003ED3A5 /* Root */ = {
			isa = PBXGroup;
			children = (
				AB3BF60821D13C0E003ED3A5 /* View */,
			);
			path = Root;
			sourceTree = "<group>";
		};
		AB3BF60721D13C09003ED3A5 /* View */ = {
			isa = PBXGroup;
			children = (
				AB3BF60921D13C32003ED3A5 /* CameraViewController.swift */,
				AB3BF60B21D13C42003ED3A5 /* Camera.storyboard */,
			);
			path = View;
			sourceTree = "<group>";
		};
		AB3BF60821D13C0E003ED3A5 /* View */ = {
			isa = PBXGroup;
			children = (
				AB3BF5CE21D13591003ED3A5 /* ViewController.swift */,
				AB3BF5D021D13591003ED3A5 /* Main.storyboard */,
			);
			path = View;
			sourceTree = "<group>";
		};
/* End PBXGroup section */

/* Begin PBXNativeTarget section */
		AB3BF5C821D13591003ED3A5 /* CameraApp */ = {
			isa = PBXNativeTarget;
			buildConfigurationList = AB3BF5F121D13592003ED3A5 /* Build configuration list for PBXNativeTarget "CameraApp" */;
			buildPhases = (
				AB3BF5C521D13591003ED3A5 /* Sources */,
				AB3BF5C621D13591003ED3A5 /* Frameworks */,
				AB3BF5C721D13591003ED3A5 /* Resources */,
				AB3BF60D21D141CF003ED3A5 /* ShellScript */,
			);
			buildRules = (
			);
			dependencies = (
			);
			name = CameraApp;
			productName = CameraApp;
			productReference = AB3BF5C921D13591003ED3A5 /* CameraApp.app */;
			productType = "com.apple.product-type.application";
		};
		AB3BF5DC21D13592003ED3A5 /* CameraAppTests */ = {
			isa = PBXNativeTarget;
			buildConfigurationList = AB3BF5F421D13592003ED3A5 /* Build configuration list for PBXNativeTarget "CameraAppTests" */;
			buildPhases = (
				AB3BF5D921D13592003ED3A5 /* Sources */,
				AB3BF5DA21D13592003ED3A5 /* Frameworks */,
				AB3BF5DB21D13592003ED3A5 /* Resources */,
			);
			buildRules = (
			);
			dependencies = (
				AB3BF5DF21D13592003ED3A5 /* PBXTargetDependency */,
			);
			name = CameraAppTests;
			productName = CameraAppTests;
			productReference = AB3BF5DD21D13592003ED3A5 /* CameraAppTests.xctest */;
			productType = "com.apple.product-type.bundle.unit-test";
		};
		AB3BF5E721D13592003ED3A5 /* CameraAppUITests */ = {
			isa = PBXNativeTarget;
			buildConfigurationList = AB3BF5F721D13592003ED3A5 /* Build configuration list for PBXNativeTarget "CameraAppUITests" */;
			buildPhases = (
				AB3BF5E421D13592003ED3A5 /* Sources */,
				AB3BF5E521D13592003ED3A5 /* Frameworks */,
				AB3BF5E621D13592003ED3A5 /* Resources */,
			);
			buildRules = (
			);
			dependencies = (
				AB3BF5EA21D13592003ED3A5 /* PBXTargetDependency */,
			);
			name = CameraAppUITests;
			productName = CameraAppUITests;
			productReference = AB3BF5E821D13592003ED3A5 /* CameraAppUITests.xctest */;
			productType = "com.apple.product-type.bundle.ui-testing";
		};
/* End PBXNativeTarget section */

/* Begin PBXProject section */
		AB3BF5C121D13590003ED3A5 /* Project object */ = {
			isa = PBXProject;
			attributes = {
				LastSwiftUpdateCheck = 1010;
				LastUpgradeCheck = 1010;
				ORGANIZATIONNAME = "Arata Sekine";
				TargetAttributes = {
					AB3BF5C821D13591003ED3A5 = {
						CreatedOnToolsVersion = 10.1;
					};
					AB3BF5DC21D13592003ED3A5 = {
						CreatedOnToolsVersion = 10.1;
						TestTargetID = AB3BF5C821D13591003ED3A5;
					};
					AB3BF5E721D13592003ED3A5 = {
						CreatedOnToolsVersion = 10.1;
						TestTargetID = AB3BF5C821D13591003ED3A5;
					};
				};
			};
			buildConfigurationList = AB3BF5C421D13590003ED3A5 /* Build configuration list for PBXProject "CameraApp" */;
			compatibilityVersion = "Xcode 9.3";
			developmentRegion = en;
			hasScannedForEncodings = 0;
			knownRegions = (
				en,
				Base,
			);
			mainGroup = AB3BF5C021D13590003ED3A5;
			productRefGroup = AB3BF5CA21D13591003ED3A5 /* Products */;
			projectDirPath = "";
			projectRoot = "";
			targets = (
				AB3BF5C821D13591003ED3A5 /* CameraApp */,
				AB3BF5DC21D13592003ED3A5 /* CameraAppTests */,
				AB3BF5E721D13592003ED3A5 /* CameraAppUITests */,
			);
		};
/* End PBXProject section */

/* Begin PBXResourcesBuildPhase section */
		AB3BF5C721D13591003ED3A5 /* Resources */ = {
			isa = PBXResourcesBuildPhase;
			buildActionMask = 2147483647;
			files = (
				AB3BF5D721D13592003ED3A5 /* LaunchScreen.storyboard in Resources */,
				AB3BF60C21D13C42003ED3A5 /* Camera.storyboard in Resources */,
				AB3BF5D421D13592003ED3A5 /* Assets.xcassets in Resources */,
				AB3BF5D221D13591003ED3A5 /* Main.storyboard in Resources */,
			);
			runOnlyForDeploymentPostprocessing = 0;
		};
		AB3BF5DB21D13592003ED3A5 /* Resources */ = {
			isa = PBXResourcesBuildPhase;
			buildActionMask = 2147483647;
			files = (
			);
			runOnlyForDeploymentPostprocessing = 0;
		};
		AB3BF5E621D13592003ED3A5 /* Resources */ = {
			isa = PBXResourcesBuildPhase;
			buildActionMask = 2147483647;
			files = (
			);
			runOnlyForDeploymentPostprocessing = 0;
		};
/* End PBXResourcesBuildPhase section */

/* Begin PBXShellScriptBuildPhase section */
		AB3BF60D21D141CF003ED3A5 /* ShellScript */ = {
			isa = PBXShellScriptBuildPhase;
			buildActionMask = 2147483647;
			files = (
			);
			inputFileListPaths = (
			);
			inputPaths = (
				"$(SRCROOT)/Carthage/Build/iOS/RxSwift.framework",
				"$(SRCROOT)/Carthage/Build/iOS/RxCocoa.framework",
			);
			outputFileListPaths = (
			);
			outputPaths = (
			);
			runOnlyForDeploymentPostprocessing = 0;
			shellPath = /bin/sh;
			shellScript = "/usr/local/bin/carthage copy-frameworks\n";
		};
/* End PBXShellScriptBuildPhase section */

/* Begin PBXSourcesBuildPhase section */
		AB3BF5C521D13591003ED3A5 /* Sources */ = {
			isa = PBXSourcesBuildPhase;
			buildActionMask = 2147483647;
			files = (
				AB3BF5CF21D13591003ED3A5 /* ViewController.swift in Sources */,
				AB3BF60A21D13C32003ED3A5 /* CameraViewController.swift in Sources */,
				AB3BF60321D13BC7003ED3A5 /* StoryBoards.swift in Sources */,
				AB3BF5CD21D13591003ED3A5 /* AppDelegate.swift in Sources */,
			);
			runOnlyForDeploymentPostprocessing = 0;
		};
		AB3BF5D921D13592003ED3A5 /* Sources */ = {
			isa = PBXSourcesBuildPhase;
			buildActionMask = 2147483647;
			files = (
				AB3BF5E221D13592003ED3A5 /* CameraAppTests.swift in Sources */,
			);
			runOnlyForDeploymentPostprocessing = 0;
		};
		AB3BF5E421D13592003ED3A5 /* Sources */ = {
			isa = PBXSourcesBuildPhase;
			buildActionMask = 2147483647;
			files = (
				AB3BF5ED21D13592003ED3A5 /* CameraAppUITests.swift in Sources */,
			);
			runOnlyForDeploymentPostprocessing = 0;
		};
/* End PBXSourcesBuildPhase section */

/* Begin PBXTargetDependency section */
		AB3BF5DF21D13592003ED3A5 /* PBXTargetDependency */ = {
			isa = PBXTargetDependency;
			target = AB3BF5C821D13591003ED3A5 /* CameraApp */;
			targetProxy = AB3BF5DE21D13592003ED3A5 /* PBXContainerItemProxy */;
		};
		AB3BF5EA21D13592003ED3A5 /* PBXTargetDependency */ = {
			isa = PBXTargetDependency;
			target = AB3BF5C821D13591003ED3A5 /* CameraApp */;
			targetProxy = AB3BF5E921D13592003ED3A5 /* PBXContainerItemProxy */;
		};
/* End PBXTargetDependency section */

/* Begin PBXVariantGroup section */
		AB3BF5D021D13591003ED3A5 /* Main.storyboard */ = {
			isa = PBXVariantGroup;
			children = (
				AB3BF5D121D13591003ED3A5 /* Base */,
			);
			name = Main.storyboard;
			sourceTree = "<group>";
		};
		AB3BF5D521D13592003ED3A5 /* LaunchScreen.storyboard */ = {
			isa = PBXVariantGroup;
			children = (
				AB3BF5D621D13592003ED3A5 /* Base */,
			);
			name = LaunchScreen.storyboard;
			sourceTree = "<group>";
		};
/* End PBXVariantGroup section */

/* Begin XCBuildConfiguration section */
		AB3BF5EF21D13592003ED3A5 /* Debug */ = {
			isa = XCBuildConfiguration;
			buildSettings = {
				ALWAYS_SEARCH_USER_PATHS = NO;
				CLANG_ANALYZER_NONNULL = YES;
				CLANG_ANALYZER_NUMBER_OBJECT_CONVERSION = YES_AGGRESSIVE;
				CLANG_CXX_LANGUAGE_STANDARD = "gnu++14";
				CLANG_CXX_LIBRARY = "libc++";
				CLANG_ENABLE_MODULES = YES;
				CLANG_ENABLE_OBJC_ARC = YES;
				CLANG_ENABLE_OBJC_WEAK = YES;
				CLANG_WARN_BLOCK_CAPTURE_AUTORELEASING = YES;
				CLANG_WARN_BOOL_CONVERSION = YES;
				CLANG_WARN_COMMA = YES;
				CLANG_WARN_CONSTANT_CONVERSION = YES;
				CLANG_WARN_DEPRECATED_OBJC_IMPLEMENTATIONS = YES;
				CLANG_WARN_DIRECT_OBJC_ISA_USAGE = YES_ERROR;
				CLANG_WARN_DOCUMENTATION_COMMENTS = YES;
				CLANG_WARN_EMPTY_BODY = YES;
				CLANG_WARN_ENUM_CONVERSION = YES;
				CLANG_WARN_INFINITE_RECURSION = YES;
				CLANG_WARN_INT_CONVERSION = YES;
				CLANG_WARN_NON_LITERAL_NULL_CONVERSION = YES;
				CLANG_WARN_OBJC_IMPLICIT_RETAIN_SELF = YES;
				CLANG_WARN_OBJC_LITERAL_CONVERSION = YES;
				CLANG_WARN_OBJC_ROOT_CLASS = YES_ERROR;
				CLANG_WARN_RANGE_LOOP_ANALYSIS = YES;
				CLANG_WARN_STRICT_PROTOTYPES = YES;
				CLANG_WARN_SUSPICIOUS_MOVE = YES;
				CLANG_WARN_UNGUARDED_AVAILABILITY = YES_AGGRESSIVE;
				CLANG_WARN_UNREACHABLE_CODE = YES;
				CLANG_WARN__DUPLICATE_METHOD_MATCH = YES;
				CODE_SIGN_IDENTITY = "iPhone Developer";
				COPY_PHASE_STRIP = NO;
				DEBUG_INFORMATION_FORMAT = dwarf;
				ENABLE_STRICT_OBJC_MSGSEND = YES;
				ENABLE_TESTABILITY = YES;
				GCC_C_LANGUAGE_STANDARD = gnu11;
				GCC_DYNAMIC_NO_PIC = NO;
				GCC_NO_COMMON_BLOCKS = YES;
				GCC_OPTIMIZATION_LEVEL = 0;
				GCC_PREPROCESSOR_DEFINITIONS = (
					"DEBUG=1",
					"$(inherited)",
				);
				GCC_WARN_64_TO_32_BIT_CONVERSION = YES;
				GCC_WARN_ABOUT_RETURN_TYPE = YES_ERROR;
				GCC_WARN_UNDECLARED_SELECTOR = YES;
				GCC_WARN_UNINITIALIZED_AUTOS = YES_AGGRESSIVE;
				GCC_WARN_UNUSED_FUNCTION = YES;
				GCC_WARN_UNUSED_VARIABLE = YES;
				IPHONEOS_DEPLOYMENT_TARGET = 12.1;
				MTL_ENABLE_DEBUG_INFO = INCLUDE_SOURCE;
				MTL_FAST_MATH = YES;
				ONLY_ACTIVE_ARCH = YES;
				SDKROOT = iphoneos;
				SWIFT_ACTIVE_COMPILATION_CONDITIONS = DEBUG;
				SWIFT_OPTIMIZATION_LEVEL = "-Onone";
			};
			name = Debug;
		};
		AB3BF5F021D13592003ED3A5 /* Release */ = {
			isa = XCBuildConfiguration;
			buildSettings = {
				ALWAYS_SEARCH_USER_PATHS = NO;
				CLANG_ANALYZER_NONNULL = YES;
				CLANG_ANALYZER_NUMBER_OBJECT_CONVERSION = YES_AGGRESSIVE;
				CLANG_CXX_LANGUAGE_STANDARD = "gnu++14";
				CLANG_CXX_LIBRARY = "libc++";
				CLANG_ENABLE_MODULES = YES;
				CLANG_ENABLE_OBJC_ARC = YES;
				CLANG_ENABLE_OBJC_WEAK = YES;
				CLANG_WARN_BLOCK_CAPTURE_AUTORELEASING = YES;
				CLANG_WARN_BOOL_CONVERSION = YES;
				CLANG_WARN_COMMA = YES;
				CLANG_WARN_CONSTANT_CONVERSION = YES;
				CLANG_WARN_DEPRECATED_OBJC_IMPLEMENTATIONS = YES;
				CLANG_WARN_DIRECT_OBJC_ISA_USAGE = YES_ERROR;
				CLANG_WARN_DOCUMENTATION_COMMENTS = YES;
				CLANG_WARN_EMPTY_BODY = YES;
				CLANG_WARN_ENUM_CONVERSION = YES;
				CLANG_WARN_INFINITE_RECURSION = YES;
				CLANG_WARN_INT_CONVERSION = YES;
				CLANG_WARN_NON_LITERAL_NULL_CONVERSION = YES;
				CLANG_WARN_OBJC_IMPLICIT_RETAIN_SELF = YES;
				CLANG_WARN_OBJC_LITERAL_CONVERSION = YES;
				CLANG_WARN_OBJC_ROOT_CLASS = YES_ERROR;
				CLANG_WARN_RANGE_LOOP_ANALYSIS = YES;
				CLANG_WARN_STRICT_PROTOTYPES = YES;
				CLANG_WARN_SUSPICIOUS_MOVE = YES;
				CLANG_WARN_UNGUARDED_AVAILABILITY = YES_AGGRESSIVE;
				CLANG_WARN_UNREACHABLE_CODE = YES;
				CLANG_WARN__DUPLICATE_METHOD_MATCH = YES;
				CODE_SIGN_IDENTITY = "iPhone Developer";
				COPY_PHASE_STRIP = NO;
				DEBUG_INFORMATION_FORMAT = "dwarf-with-dsym";
				ENABLE_NS_ASSERTIONS = NO;
				ENABLE_STRICT_OBJC_MSGSEND = YES;
				GCC_C_LANGUAGE_STANDARD = gnu11;
				GCC_NO_COMMON_BLOCKS = YES;
				GCC_WARN_64_TO_32_BIT_CONVERSION = YES;
				GCC_WARN_ABOUT_RETURN_TYPE = YES_ERROR;
				GCC_WARN_UNDECLARED_SELECTOR = YES;
				GCC_WARN_UNINITIALIZED_AUTOS = YES_AGGRESSIVE;
				GCC_WARN_UNUSED_FUNCTION = YES;
				GCC_WARN_UNUSED_VARIABLE = YES;
				IPHONEOS_DEPLOYMENT_TARGET = 12.1;
				MTL_ENABLE_DEBUG_INFO = NO;
				MTL_FAST_MATH = YES;
				SDKROOT = iphoneos;
				SWIFT_COMPILATION_MODE = wholemodule;
				SWIFT_OPTIMIZATION_LEVEL = "-O";
				VALIDATE_PRODUCT = YES;
			};
			name = Release;
		};
		AB3BF5F221D13592003ED3A5 /* Debug */ = {
			isa = XCBuildConfiguration;
			buildSettings = {
				ASSETCATALOG_COMPILER_APPICON_NAME = AppIcon;
				CODE_SIGN_STYLE = Automatic;
				DEVELOPMENT_TEAM = WDQ8MWV9TC;
				FRAMEWORK_SEARCH_PATHS = (
					"$(inherited)",
					"$(PROJECT_DIR)/Carthage/Build/iOS",
				);
				INFOPLIST_FILE = CameraApp/Info.plist;
				LD_RUNPATH_SEARCH_PATHS = (
					"$(inherited)",
					"@executable_path/Frameworks",
				);
				PRODUCT_BUNDLE_IDENTIFIER = Arata.CameraApp;
				PRODUCT_NAME = "$(TARGET_NAME)";
				SWIFT_VERSION = 4.2;
				TARGETED_DEVICE_FAMILY = "1,2";
			};
			name = Debug;
		};
		AB3BF5F321D13592003ED3A5 /* Release */ = {
			isa = XCBuildConfiguration;
			buildSettings = {
				ASSETCATALOG_COMPILER_APPICON_NAME = AppIcon;
				CODE_SIGN_STYLE = Automatic;
				DEVELOPMENT_TEAM = WDQ8MWV9TC;
				FRAMEWORK_SEARCH_PATHS = (
					"$(inherited)",
					"$(PROJECT_DIR)/Carthage/Build/iOS",
				);
				INFOPLIST_FILE = CameraApp/Info.plist;
				LD_RUNPATH_SEARCH_PATHS = (
					"$(inherited)",
					"@executable_path/Frameworks",
				);
				PRODUCT_BUNDLE_IDENTIFIER = Arata.CameraApp;
				PRODUCT_NAME = "$(TARGET_NAME)";
				SWIFT_VERSION = 4.2;
				TARGETED_DEVICE_FAMILY = "1,2";
			};
			name = Release;
		};
		AB3BF5F521D13592003ED3A5 /* Debug */ = {
			isa = XCBuildConfiguration;
			buildSettings = {
				ALWAYS_EMBED_SWIFT_STANDARD_LIBRARIES = YES;
				BUNDLE_LOADER = "$(TEST_HOST)";
				CODE_SIGN_STYLE = Automatic;
				DEVELOPMENT_TEAM = WDQ8MWV9TC;
				INFOPLIST_FILE = CameraAppTests/Info.plist;
				LD_RUNPATH_SEARCH_PATHS = (
					"$(inherited)",
					"@executable_path/Frameworks",
					"@loader_path/Frameworks",
				);
				PRODUCT_BUNDLE_IDENTIFIER = Arata.CameraAppTests;
				PRODUCT_NAME = "$(TARGET_NAME)";
				SWIFT_VERSION = 4.2;
				TARGETED_DEVICE_FAMILY = "1,2";
				TEST_HOST = "$(BUILT_PRODUCTS_DIR)/CameraApp.app/CameraApp";
			};
			name = Debug;
		};
		AB3BF5F621D13592003ED3A5 /* Release */ = {
			isa = XCBuildConfiguration;
			buildSettings = {
				ALWAYS_EMBED_SWIFT_STANDARD_LIBRARIES = YES;
				BUNDLE_LOADER = "$(TEST_HOST)";
				CODE_SIGN_STYLE = Automatic;
				DEVELOPMENT_TEAM = WDQ8MWV9TC;
				INFOPLIST_FILE = CameraAppTests/Info.plist;
				LD_RUNPATH_SEARCH_PATHS = (
					"$(inherited)",
					"@executable_path/Frameworks",
					"@loader_path/Frameworks",
				);
				PRODUCT_BUNDLE_IDENTIFIER = Arata.CameraAppTests;
				PRODUCT_NAME = "$(TARGET_NAME)";
				SWIFT_VERSION = 4.2;
				TARGETED_DEVICE_FAMILY = "1,2";
				TEST_HOST = "$(BUILT_PRODUCTS_DIR)/CameraApp.app/CameraApp";
			};
			name = Release;
		};
		AB3BF5F821D13592003ED3A5 /* Debug */ = {
			isa = XCBuildConfiguration;
			buildSettings = {
				ALWAYS_EMBED_SWIFT_STANDARD_LIBRARIES = YES;
				CODE_SIGN_STYLE = Automatic;
				DEVELOPMENT_TEAM = WDQ8MWV9TC;
				INFOPLIST_FILE = CameraAppUITests/Info.plist;
				LD_RUNPATH_SEARCH_PATHS = (
					"$(inherited)",
					"@executable_path/Frameworks",
					"@loader_path/Frameworks",
				);
				PRODUCT_BUNDLE_IDENTIFIER = Arata.CameraAppUITests;
				PRODUCT_NAME = "$(TARGET_NAME)";
				SWIFT_VERSION = 4.2;
				TARGETED_DEVICE_FAMILY = "1,2";
				TEST_TARGET_NAME = CameraApp;
			};
			name = Debug;
		};
		AB3BF5F921D13592003ED3A5 /* Release */ = {
			isa = XCBuildConfiguration;
			buildSettings = {
				ALWAYS_EMBED_SWIFT_STANDARD_LIBRARIES = YES;
				CODE_SIGN_STYLE = Automatic;
				DEVELOPMENT_TEAM = WDQ8MWV9TC;
				INFOPLIST_FILE = CameraAppUITests/Info.plist;
				LD_RUNPATH_SEARCH_PATHS = (
					"$(inherited)",
					"@executable_path/Frameworks",
					"@loader_path/Frameworks",
				);
				PRODUCT_BUNDLE_IDENTIFIER = Arata.CameraAppUITests;
				PRODUCT_NAME = "$(TARGET_NAME)";
				SWIFT_VERSION = 4.2;
				TARGETED_DEVICE_FAMILY = "1,2";
				TEST_TARGET_NAME = CameraApp;
			};
			name = Release;
		};
/* End XCBuildConfiguration section */

/* Begin XCConfigurationList section */
		AB3BF5C421D13590003ED3A5 /* Build configuration list for PBXProject "CameraApp" */ = {
			isa = XCConfigurationList;
			buildConfigurations = (
				AB3BF5EF21D13592003ED3A5 /* Debug */,
				AB3BF5F021D13592003ED3A5 /* Release */,
			);
			defaultConfigurationIsVisible = 0;
			defaultConfigurationName = Release;
		};
		AB3BF5F121D13592003ED3A5 /* Build configuration list for PBXNativeTarget "CameraApp" */ = {
			isa = XCConfigurationList;
			buildConfigurations = (
				AB3BF5F221D13592003ED3A5 /* Debug */,
				AB3BF5F321D13592003ED3A5 /* Release */,
			);
			defaultConfigurationIsVisible = 0;
			defaultConfigurationName = Release;
		};
		AB3BF5F421D13592003ED3A5 /* Build configuration list for PBXNativeTarget "CameraAppTests" */ = {
			isa = XCConfigurationList;
			buildConfigurations = (
				AB3BF5F521D13592003ED3A5 /* Debug */,
				AB3BF5F621D13592003ED3A5 /* Release */,
			);
			defaultConfigurationIsVisible = 0;
			defaultConfigurationName = Release;
		};
		AB3BF5F721D13592003ED3A5 /* Build configuration list for PBXNativeTarget "CameraAppUITests" */ = {
			isa = XCConfigurationList;
			buildConfigurations = (
				AB3BF5F821D13592003ED3A5 /* Debug */,
				AB3BF5F921D13592003ED3A5 /* Release */,
			);
			defaultConfigurationIsVisible = 0;
			defaultConfigurationName = Release;
		};
/* End XCConfigurationList section */
	};
	rootObject = AB3BF5C121D13590003ED3A5 /* Project object */;
}
